Microsoft Visual Studio Solution File, Format Version 12.00
# Visual Studio Version 16
VisualStudioVersion = 16.0.31019.35
MinimumVisualStudioVersion = 10.0.40219.1
Project("{E24C65DC-7377-472B-9ABA-BC803B73C61A}") = "Tomofun_23R1", "..\..\..\", "{407B75C1-DF84-479F-BD54-F5A5D7012034}"
	ProjectSection(WebsiteProperties) = preProject
		TargetFrameworkMoniker = ".NETFramework,Version%3Dv4.8"
		ProjectReferences = "{9BC6D61A-5D4B-4D57-BC6B-5E3F9D04377E}|LUMTomofunCustomization.dll;{DBA5A485-0332-445F-A1C6-44DEA95FEA9B}|LUMLocalization.dll;"
		Debug.AspNetCompiler.VirtualPath = "/localhost_4445"
		Debug.AspNetCompiler.PhysicalPath = "..\..\..\..\Tomofun_23R1\"
		Debug.AspNetCompiler.TargetPath = "PrecompiledWeb\localhost_4445\"
		Debug.AspNetCompiler.Updateable = "true"
		Debug.AspNetCompiler.ForceOverwrite = "true"
		Debug.AspNetCompiler.FixedNames = "false"
		Debug.AspNetCompiler.Debug = "True"
		Release.AspNetCompiler.VirtualPath = "/localhost_4445"
		Release.AspNetCompiler.PhysicalPath = "..\..\..\..\Tomofun_23R1\"
		Release.AspNetCompiler.TargetPath = "PrecompiledWeb\localhost_4445\"
		Release.AspNetCompiler.Updateable = "true"
		Release.AspNetCompiler.ForceOverwrite = "true"
		Release.AspNetCompiler.FixedNames = "false"
		Release.AspNetCompiler.Debug = "False"
		VWDPort = "4445"
		VWDDynamicPort = "false"
		SlnRelativePath = "..\..\..\..\Tomofun_23R1\"
	EndProjectSection
EndProject
Project("{FAE04EC0-301F-11D3-BF4B-00C04F79EFBC}") = "LUMTomofunCustomization", "LUMTomofunCustomization\LUMTomofunCustomization.csproj", "{9BC6D61A-5D4B-4D57-BC6B-5E3F9D04377E}"
EndProject
Project("{FAE04EC0-301F-11D3-BF4B-00C04F79EFBC}") = "LUMLocalization", "..\LUMLocalization\LUMLocalization\LUMLocalization.csproj", "{DBA5A485-0332-445F-A1C6-44DEA95FEA9B}"
EndProject
Global
	GlobalSection(SolutionConfigurationPlatforms) = preSolution
		Debug|Any CPU = Debug|Any CPU
		Release|Any CPU = Release|Any CPU
	EndGlobalSection
	GlobalSection(ProjectConfigurationPlatforms) = postSolution
		{407B75C1-DF84-479F-BD54-F5A5D7012034}.Debug|Any CPU.ActiveCfg = Debug|Any CPU
		{407B75C1-DF84-479F-BD54-F5A5D7012034}.Debug|Any CPU.Build.0 = Debug|Any CPU
		{407B75C1-DF84-479F-BD54-F5A5D7012034}.Release|Any CPU.ActiveCfg = Debug|Any CPU
		{407B75C1-DF84-479F-BD54-F5A5D7012034}.Release|Any CPU.Build.0 = Debug|Any CPU
		{9BC6D61A-5D4B-4D57-BC6B-5E3F9D04377E}.Debug|Any CPU.ActiveCfg = Debug|Any CPU
		{9BC6D61A-5D4B-4D57-BC6B-5E3F9D04377E}.Debug|Any CPU.Build.0 = Debug|Any CPU
		{9BC6D61A-5D4B-4D57-BC6B-5E3F9D04377E}.Release|Any CPU.ActiveCfg = Release|Any CPU
		{9BC6D61A-5D4B-4D57-BC6B-5E3F9D04377E}.Release|Any CPU.Build.0 = Release|Any CPU
		{DBA5A485-0332-445F-A1C6-44DEA95FEA9B}.Debug|Any CPU.ActiveCfg = Debug|Any CPU
		{DBA5A485-0332-445F-A1C6-44DEA95FEA9B}.Debug|Any CPU.Build.0 = Debug|Any CPU
		{DBA5A485-0332-445F-A1C6-44DEA95FEA9B}.Release|Any CPU.ActiveCfg = Release|Any CPU
		{DBA5A485-0332-445F-A1C6-44DEA95FEA9B}.Release|Any CPU.Build.0 = Release|Any CPU
	EndGlobalSection
	GlobalSection(SolutionProperties) = preSolution
		HideSolutionNode = FALSE
	EndGlobalSection
	GlobalSection(ExtensibilityGlobals) = postSolution
		SolutionGuid = {DF6F8DF7-5331-4598-9B71-F79E91C3897F}
	EndGlobalSection
EndGlobal
